
Microsoft Visual Studio Solution File, Format Version 12.00
# Visual Studio Version 17
VisualStudioVersion = 17.1.32203.90
MinimumVisualStudioVersion = 10.0.40219.1
Project("{9A19103F-16F7-4668-BE54-9A1E7A4F7556}") = "Compo", "Compo\Compo.csproj", "{619CB239-031F-41BF-BC79-1F08497774FE}"
EndProject
Global
	GlobalSection(SolutionConfigurationPlatforms) = preSolution
		Debug|x86 = Debug|x86
		Release|x86 = Release|x86
	EndGlobalSection
	GlobalSection(ProjectConfigurationPlatforms) = postSolution
		{619CB239-031F-41BF-BC79-1F08497774FE}.Debug|x86.ActiveCfg = Debug|Any CPU
		{619CB239-031F-41BF-BC79-1F08497774FE}.Debug|x86.Build.0 = Debug|Any CPU
		{619CB239-031F-41BF-BC79-1F08497774FE}.Release|x86.ActiveCfg = Release|x86
		{619CB239-031F-41BF-BC79-1F08497774FE}.Release|x86.Build.0 = Release|x86
	EndGlobalSection
	GlobalSection(SolutionProperties) = preSolution
		HideSolutionNode = FALSE
	EndGlobalSection
	GlobalSection(ExtensibilityGlobals) = postSolution
		SolutionGuid = {08911185-A90D-4E4B-85EF-7BA545F8C545}
	EndGlobalSection
EndGlobal
